
Microsoft Visual Studio Solution File, Format Version 12.00
# Visual Studio 15
VisualStudioVersion = 15.0.27703.2000
MinimumVisualStudioVersion = 10.0.40219.1
Project("{FAE04EC0-301F-11D3-BF4B-00C04F79EFBC}") = "TSG_assignment", "TSG_assignment\TSG_assignment.csproj", "{D14C810C-BF93-43B5-8825-2F7FF533D368}"
EndProject
Project("{9A19103F-16F7-4668-BE54-9A1E7A4F7556}") = "TSG_assignmentBL", "TSG_assignmentBL\TSG_assignmentBL.csproj", "{760824B4-B77C-4CD8-A94B-3EB3D9E7D47A}"
EndProject
Project("{FAE04EC0-301F-11D3-BF4B-00C04F79EFBC}") = "TSG_AssignmentClient", "TSG_AssignmentClient\TSG_AssignmentClient.csproj", "{99752850-8D37-4AAE-A893-B53F2A1A47C4}"
EndProject
Global
	GlobalSection(SolutionConfigurationPlatforms) = preSolution
		Debug|Any CPU = Debug|Any CPU
		Release|Any CPU = Release|Any CPU
	EndGlobalSection
	GlobalSection(ProjectConfigurationPlatforms) = postSolution
		{D14C810C-BF93-43B5-8825-2F7FF533D368}.Debug|Any CPU.ActiveCfg = Debug|Any CPU
		{D14C810C-BF93-43B5-8825-2F7FF533D368}.Debug|Any CPU.Build.0 = Debug|Any CPU
		{D14C810C-BF93-43B5-8825-2F7FF533D368}.Release|Any CPU.ActiveCfg = Release|Any CPU
		{D14C810C-BF93-43B5-8825-2F7FF533D368}.Release|Any CPU.Build.0 = Release|Any CPU
		{760824B4-B77C-4CD8-A94B-3EB3D9E7D47A}.Debug|Any CPU.ActiveCfg = Debug|Any CPU
		{760824B4-B77C-4CD8-A94B-3EB3D9E7D47A}.Debug|Any CPU.Build.0 = Debug|Any CPU
		{760824B4-B77C-4CD8-A94B-3EB3D9E7D47A}.Release|Any CPU.ActiveCfg = Release|Any CPU
		{760824B4-B77C-4CD8-A94B-3EB3D9E7D47A}.Release|Any CPU.Build.0 = Release|Any CPU
		{99752850-8D37-4AAE-A893-B53F2A1A47C4}.Debug|Any CPU.ActiveCfg = Debug|Any CPU
		{99752850-8D37-4AAE-A893-B53F2A1A47C4}.Debug|Any CPU.Build.0 = Debug|Any CPU
		{99752850-8D37-4AAE-A893-B53F2A1A47C4}.Release|Any CPU.ActiveCfg = Release|Any CPU
		{99752850-8D37-4AAE-A893-B53F2A1A47C4}.Release|Any CPU.Build.0 = Release|Any CPU
	EndGlobalSection
	GlobalSection(SolutionProperties) = preSolution
		HideSolutionNode = FALSE
	EndGlobalSection
	GlobalSection(ExtensibilityGlobals) = postSolution
		SolutionGuid = {D2637927-2E8E-482C-A79E-018DAF15BEB0}
	EndGlobalSection
EndGlobal
